{
    "_meta": {
        "hash": {
            "sha256": "42cce0844884ddb0bc7b7a4ee8ac7d89984381d1f70c25078c10aa64aac08527"
        },
        "pipfile-spec": 6,
        "requires": {
            "python_version": "3.9"
        },
        "sources": [
            {
                "name": "pypi",
                "url": "https://pypi.org/simple",
                "verify_ssl": true
            }
        ]
    },
    "default": {
        "youtube-dl": {
            "hashes": [
                "sha256:b390cddbd4d605bd887d0d4063988cef0fa13f916d2e1e3564badbb22504d754",
                "sha256:e7d48cd42f3081e1e0064e69f31f2856508ef31c0fc80eeebd8e70c6a031a24d"
            ],
            "index": "pypi",
            "version": "==2021.2.10"
        }
    },
    "develop": {}
}
